
Microsoft Visual Studio Solution File, Format Version 12.00
# Visual Studio Version 17
VisualStudioVersion = 17.0.31903.59
MinimumVisualStudioVersion = 10.0.40219.1
Project("{2150E333-8FDC-42A3-9474-1A3956D46DE8}") = "src", "src", "{827E0CD3-B72D-47B6-A68D-7590B98EB39B}"
EndProject
Project("{FAE04EC0-301F-11D3-BF4B-00C04F79EFBC}") = "AI.Factory.Web", "src\AI.Factory.Web\AI.Factory.Web.csproj", "{F973D2A9-5132-4D71-B2ED-65A53E9D0B99}"
EndProject
Project("{FAE04EC0-301F-11D3-BF4B-00C04F79EFBC}") = "AI.Factory.Api", "src\AI.Factory.Api\AI.Factory.Api.csproj", "{2E66A6BD-1D38-46B9-9BD6-4A3BAFBF758A}"
EndProject
Project("{FAE04EC0-301F-11D3-BF4B-00C04F79EFBC}") = "AI.Factory.Core", "src\AI.Factory.Core\AI.Factory.Core.csproj", "{172FDEB5-11D0-4080-B992-205D945BE620}"
EndProject
Project("{FAE04EC0-301F-11D3-BF4B-00C04F79EFBC}") = "AI.Factory.Infrastructure", "src\AI.Factory.Infrastructure\AI.Factory.Infrastructure.csproj", "{23437075-AC4D-4508-B59C-B232F8FEBECE}"
EndProject
Project("{2150E333-8FDC-42A3-9474-1A3956D46DE8}") = "tests", "tests", "{0AB3BF05-4346-4AA6-1389-037BE0695223}"
EndProject
Project("{FAE04EC0-301F-11D3-BF4B-00C04F79EFBC}") = "AI.Factory.UnitTests", "tests\AI.Factory.UnitTests\AI.Factory.UnitTests.csproj", "{D680ABD5-857C-461E-BF0E-8A2DE9E1308F}"
EndProject
Project("{FAE04EC0-301F-11D3-BF4B-00C04F79EFBC}") = "AI.Factory.IntegrationTests", "tests\AI.Factory.IntegrationTests\AI.Factory.IntegrationTests.csproj", "{755D133D-5D4D-4F19-A27C-723440252F7C}"
EndProject
Global
	GlobalSection(SolutionConfigurationPlatforms) = preSolution
		Debug|Any CPU = Debug|Any CPU
		Debug|x64 = Debug|x64
		Debug|x86 = Debug|x86
		Release|Any CPU = Release|Any CPU
		Release|x64 = Release|x64
		Release|x86 = Release|x86
	EndGlobalSection
	GlobalSection(ProjectConfigurationPlatforms) = postSolution
		{F973D2A9-5132-4D71-B2ED-65A53E9D0B99}.Debug|Any CPU.ActiveCfg = Debug|Any CPU
		{F973D2A9-5132-4D71-B2ED-65A53E9D0B99}.Debug|Any CPU.Build.0 = Debug|Any CPU
		{F973D2A9-5132-4D71-B2ED-65A53E9D0B99}.Debug|x64.ActiveCfg = Debug|Any CPU
		{F973D2A9-5132-4D71-B2ED-65A53E9D0B99}.Debug|x64.Build.0 = Debug|Any CPU
		{F973D2A9-5132-4D71-B2ED-65A53E9D0B99}.Debug|x86.ActiveCfg = Debug|Any CPU
		{F973D2A9-5132-4D71-B2ED-65A53E9D0B99}.Debug|x86.Build.0 = Debug|Any CPU
		{F973D2A9-5132-4D71-B2ED-65A53E9D0B99}.Release|Any CPU.ActiveCfg = Release|Any CPU
		{F973D2A9-5132-4D71-B2ED-65A53E9D0B99}.Release|Any CPU.Build.0 = Release|Any CPU
		{F973D2A9-5132-4D71-B2ED-65A53E9D0B99}.Release|x64.ActiveCfg = Release|Any CPU
		{F973D2A9-5132-4D71-B2ED-65A53E9D0B99}.Release|x64.Build.0 = Release|Any CPU
		{F973D2A9-5132-4D71-B2ED-65A53E9D0B99}.Release|x86.ActiveCfg = Release|Any CPU
		{F973D2A9-5132-4D71-B2ED-65A53E9D0B99}.Release|x86.Build.0 = Release|Any CPU
		{2E66A6BD-1D38-46B9-9BD6-4A3BAFBF758A}.Debug|Any CPU.ActiveCfg = Debug|Any CPU
		{2E66A6BD-1D38-46B9-9BD6-4A3BAFBF758A}.Debug|Any CPU.Build.0 = Debug|Any CPU
		{2E66A6BD-1D38-46B9-9BD6-4A3BAFBF758A}.Debug|x64.ActiveCfg = Debug|Any CPU
		{2E66A6BD-1D38-46B9-9BD6-4A3BAFBF758A}.Debug|x64.Build.0 = Debug|Any CPU
		{2E66A6BD-1D38-46B9-9BD6-4A3BAFBF758A}.Debug|x86.ActiveCfg = Debug|Any CPU
		{2E66A6BD-1D38-46B9-9BD6-4A3BAFBF758A}.Debug|x86.Build.0 = Debug|Any CPU
		{2E66A6BD-1D38-46B9-9BD6-4A3BAFBF758A}.Release|Any CPU.ActiveCfg = Release|Any CPU
		{2E66A6BD-1D38-46B9-9BD6-4A3BAFBF758A}.Release|Any CPU.Build.0 = Release|Any CPU
		{2E66A6BD-1D38-46B9-9BD6-4A3BAFBF758A}.Release|x64.ActiveCfg = Release|Any CPU
		{2E66A6BD-1D38-46B9-9BD6-4A3BAFBF758A}.Release|x64.Build.0 = Release|Any CPU
		{2E66A6BD-1D38-46B9-9BD6-4A3BAFBF758A}.Release|x86.ActiveCfg = Release|Any CPU
		{2E66A6BD-1D38-46B9-9BD6-4A3BAFBF758A}.Release|x86.Build.0 = Release|Any CPU
		{172FDEB5-11D0-4080-B992-205D945BE620}.Debug|Any CPU.ActiveCfg = Debug|Any CPU
		{172FDEB5-11D0-4080-B992-205D945BE620}.Debug|Any CPU.Build.0 = Debug|Any CPU
		{172FDEB5-11D0-4080-B992-205D945BE620}.Debug|x64.ActiveCfg = Debug|Any CPU
		{172FDEB5-11D0-4080-B992-205D945BE620}.Debug|x64.Build.0 = Debug|Any CPU
		{172FDEB5-11D0-4080-B992-205D945BE620}.Debug|x86.ActiveCfg = Debug|Any CPU
		{172FDEB5-11D0-4080-B992-205D945BE620}.Debug|x86.Build.0 = Debug|Any CPU
		{172FDEB5-11D0-4080-B992-205D945BE620}.Release|Any CPU.ActiveCfg = Release|Any CPU
		{172FDEB5-11D0-4080-B992-205D945BE620}.Release|Any CPU.Build.0 = Release|Any CPU
		{172FDEB5-11D0-4080-B992-205D945BE620}.Release|x64.ActiveCfg = Release|Any CPU
		{172FDEB5-11D0-4080-B992-205D945BE620}.Release|x64.Build.0 = Release|Any CPU
		{172FDEB5-11D0-4080-B992-205D945BE620}.Release|x86.ActiveCfg = Release|Any CPU
		{172FDEB5-11D0-4080-B992-205D945BE620}.Release|x86.Build.0 = Release|Any CPU
		{23437075-AC4D-4508-B59C-B232F8FEBECE}.Debug|Any CPU.ActiveCfg = Debug|Any CPU
		{23437075-AC4D-4508-B59C-B232F8FEBECE}.Debug|Any CPU.Build.0 = Debug|Any CPU
		{23437075-AC4D-4508-B59C-B232F8FEBECE}.Debug|x64.ActiveCfg = Debug|Any CPU
		{23437075-AC4D-4508-B59C-B232F8FEBECE}.Debug|x64.Build.0 = Debug|Any CPU
		{23437075-AC4D-4508-B59C-B232F8FEBECE}.Debug|x86.ActiveCfg = Debug|Any CPU
		{23437075-AC4D-4508-B59C-B232F8FEBECE}.Debug|x86.Build.0 = Debug|Any CPU
		{23437075-AC4D-4508-B59C-B232F8FEBECE}.Release|Any CPU.ActiveCfg = Release|Any CPU
		{23437075-AC4D-4508-B59C-B232F8FEBECE}.Release|Any CPU.Build.0 = Release|Any CPU
		{23437075-AC4D-4508-B59C-B232F8FEBECE}.Release|x64.ActiveCfg = Release|Any CPU
		{23437075-AC4D-4508-B59C-B232F8FEBECE}.Release|x64.Build.0 = Release|Any CPU
		{23437075-AC4D-4508-B59C-B232F8FEBECE}.Release|x86.ActiveCfg = Release|Any CPU
		{23437075-AC4D-4508-B59C-B232F8FEBECE}.Release|x86.Build.0 = Release|Any CPU
		{D680ABD5-857C-461E-BF0E-8A2DE9E1308F}.Debug|Any CPU.ActiveCfg = Debug|Any CPU
		{D680ABD5-857C-461E-BF0E-8A2DE9E1308F}.Debug|Any CPU.Build.0 = Debug|Any CPU
		{D680ABD5-857C-461E-BF0E-8A2DE9E1308F}.Debug|x64.ActiveCfg = Debug|Any CPU
		{D680ABD5-857C-461E-BF0E-8A2DE9E1308F}.Debug|x64.Build.0 = Debug|Any CPU
		{D680ABD5-857C-461E-BF0E-8A2DE9E1308F}.Debug|x86.ActiveCfg = Debug|Any CPU
		{D680ABD5-857C-461E-BF0E-8A2DE9E1308F}.Debug|x86.Build.0 = Debug|Any CPU
		{D680ABD5-857C-461E-BF0E-8A2DE9E1308F}.Release|Any CPU.ActiveCfg = Release|Any CPU
		{D680ABD5-857C-461E-BF0E-8A2DE9E1308F}.Release|Any CPU.Build.0 = Release|Any CPU
		{D680ABD5-857C-461E-BF0E-8A2DE9E1308F}.Release|x64.ActiveCfg = Release|Any CPU
		{D680ABD5-857C-461E-BF0E-8A2DE9E1308F}.Release|x64.Build.0 = Release|Any CPU
		{D680ABD5-857C-461E-BF0E-8A2DE9E1308F}.Release|x86.ActiveCfg = Release|Any CPU
		{D680ABD5-857C-461E-BF0E-8A2DE9E1308F}.Release|x86.Build.0 = Release|Any CPU
		{755D133D-5D4D-4F19-A27C-723440252F7C}.Debug|Any CPU.ActiveCfg = Debug|Any CPU
		{755D133D-5D4D-4F19-A27C-723440252F7C}.Debug|Any CPU.Build.0 = Debug|Any CPU
		{755D133D-5D4D-4F19-A27C-723440252F7C}.Debug|x64.ActiveCfg = Debug|Any CPU
		{755D133D-5D4D-4F19-A27C-723440252F7C}.Debug|x64.Build.0 = Debug|Any CPU
		{755D133D-5D4D-4F19-A27C-723440252F7C}.Debug|x86.ActiveCfg = Debug|Any CPU
		{755D133D-5D4D-4F19-A27C-723440252F7C}.Debug|x86.Build.0 = Debug|Any CPU
		{755D133D-5D4D-4F19-A27C-723440252F7C}.Release|Any CPU.ActiveCfg = Release|Any CPU
		{755D133D-5D4D-4F19-A27C-723440252F7C}.Release|Any CPU.Build.0 = Release|Any CPU
		{755D133D-5D4D-4F19-A27C-723440252F7C}.Release|x64.ActiveCfg = Release|Any CPU
		{755D133D-5D4D-4F19-A27C-723440252F7C}.Release|x64.Build.0 = Release|Any CPU
		{755D133D-5D4D-4F19-A27C-723440252F7C}.Release|x86.ActiveCfg = Release|Any CPU
		{755D133D-5D4D-4F19-A27C-723440252F7C}.Release|x86.Build.0 = Release|Any CPU
	EndGlobalSection
	GlobalSection(SolutionProperties) = preSolution
		HideSolutionNode = FALSE
	EndGlobalSection
	GlobalSection(NestedProjects) = preSolution
		{F973D2A9-5132-4D71-B2ED-65A53E9D0B99} = {827E0CD3-B72D-47B6-A68D-7590B98EB39B}
		{2E66A6BD-1D38-46B9-9BD6-4A3BAFBF758A} = {827E0CD3-B72D-47B6-A68D-7590B98EB39B}
		{172FDEB5-11D0-4080-B992-205D945BE620} = {827E0CD3-B72D-47B6-A68D-7590B98EB39B}
		{23437075-AC4D-4508-B59C-B232F8FEBECE} = {827E0CD3-B72D-47B6-A68D-7590B98EB39B}
		{D680ABD5-857C-461E-BF0E-8A2DE9E1308F} = {0AB3BF05-4346-4AA6-1389-037BE0695223}
		{755D133D-5D4D-4F19-A27C-723440252F7C} = {0AB3BF05-4346-4AA6-1389-037BE0695223}
	EndGlobalSection
EndGlobal
